// !$*UTF8*$!
{
	archiveVersion = 1;
	classes = {
	};
	objectVersion = 77;
	objects = {

/* Begin PBXContainerItemProxy section */
		3196ECB32D03703E00BBF2AB /* PBXContainerItemProxy */ = {
			isa = PBXContainerItemProxy;
			containerPortal = 3196EC9A2D03703D00BBF2AB /* Project object */;
			proxyType = 1;
			remoteGlobalIDString = 3196ECA12D03703D00BBF2AB;
			remoteInfo = CubeDetector;
		};
		3196ECBD2D03703E00BBF2AB /* PBXContainerItemProxy */ = {
			isa = PBXContainerItemProxy;
			containerPortal = 3196EC9A2D03703D00BBF2AB /* Project object */;
			proxyType = 1;
			remoteGlobalIDString = 3196ECA12D03703D00BBF2AB;
			remoteInfo = CubeDetector;
		};
/* End PBXContainerItemProxy section */

/* Begin PBXFileReference section */
		3196ECA22D03703D00BBF2AB /* CubeDetector.app */ = {isa = PBXFileReference; explicitFileType = wrapper.application; includeInIndex = 0; path = CubeDetector.app; sourceTree = BUILT_PRODUCTS_DIR; };
		3196ECB22D03703E00BBF2AB /* CubeDetectorTests.xctest */ = {isa = PBXFileReference; explicitFileType = wrapper.cfbundle; includeInIndex = 0; path = CubeDetectorTests.xctest; sourceTree = BUILT_PRODUCTS_DIR; };
		3196ECBC2D03703E00BBF2AB /* CubeDetectorUITests.xctest */ = {isa = PBXFileReference; explicitFileType = wrapper.cfbundle; includeInIndex = 0; path = CubeDetectorUITests.xctest; sourceTree = BUILT_PRODUCTS_DIR; };
/* End PBXFileReference section */

/* Begin PBXFileSystemSynchronizedBuildFileExceptionSet section */
		3196ECD42D03754100BBF2AB /* Exceptions for "CubeDetector" folder in "CubeDetector" target */ = {
			isa = PBXFileSystemSynchronizedBuildFileExceptionSet;
			membershipExceptions = (
				Info.plist,
			);
			target = 3196ECA12D03703D00BBF2AB /* CubeDetector */;
		};
/* End PBXFileSystemSynchronizedBuildFileExceptionSet section */

/* Begin PBXFileSystemSynchronizedRootGroup section */
		3196ECA42D03703D00BBF2AB /* CubeDetector */ = {
			isa = PBXFileSystemSynchronizedRootGroup;
			exceptions = (
				3196ECD42D03754100BBF2AB /* Exceptions for "CubeDetector" folder in "CubeDetector" target */,
			);
			path = CubeDetector;
			sourceTree = "<group>";
		};
		3196ECB52D03703E00BBF2AB /* CubeDetectorTests */ = {
			isa = PBXFileSystemSynchronizedRootGroup;
			path = CubeDetectorTests;
			sourceTree = "<group>";
		};
		3196ECBF2D03703E00BBF2AB /* CubeDetectorUITests */ = {
			isa = PBXFileSystemSynchronizedRootGroup;
			path = CubeDetectorUITests;
			sourceTree = "<group>";
		};
/* End PBXFileSystemSynchronizedRootGroup section */

/* Begin PBXFrameworksBuildPhase section */
		3196EC9F2D03703D00BBF2AB /* Frameworks */ = {
			isa = PBXFrameworksBuildPhase;
			buildActionMask = 2147483647;
			files = (
			);
			runOnlyForDeploymentPostprocessing = 0;
		};
		3196ECAF2D03703E00BBF2AB /* Frameworks */ = {
			isa = PBXFrameworksBuildPhase;
			buildActionMask = 2147483647;
			files = (
			);
			runOnlyForDeploymentPostprocessing = 0;
		};
		3196ECB92D03703E00BBF2AB /* Frameworks */ = {
			isa = PBXFrameworksBuildPhase;
			buildActionMask = 2147483647;
			files = (
			);
			runOnlyForDeploymentPostprocessing = 0;
		};
/* End PBXFrameworksBuildPhase section */

/* Begin PBXGroup section */
		3196EC992D03703D00BBF2AB = {
			isa = PBXGroup;
			children = (
				3196ECA42D03703D00BBF2AB /* CubeDetector */,
				3196ECB52D03703E00BBF2AB /* CubeDetectorTests */,
				3196ECBF2D03703E00BBF2AB /* CubeDetectorUITests */,
				3196ECA32D03703D00BBF2AB /* Products */,
			);
			sourceTree = "<group>";
		};
		3196ECA32D03703D00BBF2AB /* Products */ = {
			isa = PBXGroup;
			children = (
				3196ECA22D03703D00BBF2AB /* CubeDetector.app */,
				3196ECB22D03703E00BBF2AB /* CubeDetectorTests.xctest */,
				3196ECBC2D03703E00BBF2AB /* CubeDetectorUITests.xctest */,
			);
			name = Products;
			sourceTree = "<group>";
		};
/* End PBXGroup section */

/* Begin PBXNativeTarget section */
		3196ECA12D03703D00BBF2AB /* CubeDetector */ = {
			isa = PBXNativeTarget;
			buildConfigurationList = 3196ECC62D03703E00BBF2AB /* Build configuration list for PBXNativeTarget "CubeDetector" */;
			buildPhases = (
				3196EC9E2D03703D00BBF2AB /* Sources */,
				3196EC9F2D03703D00BBF2AB /* Frameworks */,
				3196ECA02D03703D00BBF2AB /* Resources */,
			);
			buildRules = (
			);
			dependencies = (
			);
			fileSystemSynchronizedGroups = (
				3196ECA42D03703D00BBF2AB /* CubeDetector */,
			);
			name = CubeDetector;
			packageProductDependencies = (
			);
			productName = CubeDetector;
			productReference = 3196ECA22D03703D00BBF2AB /* CubeDetector.app */;
			productType = "com.apple.product-type.application";
		};
		3196ECB12D03703E00BBF2AB /* CubeDetectorTests */ = {
			isa = PBXNativeTarget;
			buildConfigurationList = 3196ECC92D03703E00BBF2AB /* Build configuration list for PBXNativeTarget "CubeDetectorTests" */;
			buildPhases = (
				3196ECAE2D03703E00BBF2AB /* Sources */,
				3196ECAF2D03703E00BBF2AB /* Frameworks */,
				3196ECB02D03703E00BBF2AB /* Resources */,
			);
			buildRules = (
			);
			dependencies = (
				3196ECB42D03703E00BBF2AB /* PBXTargetDependency */,
			);
			fileSystemSynchronizedGroups = (
				3196ECB52D03703E00BBF2AB /* CubeDetectorTests */,
			);
			name = CubeDetectorTests;
			packageProductDependencies = (
			);
			productName = CubeDetectorTests;
			productReference = 3196ECB22D03703E00BBF2AB /* CubeDetectorTests.xctest */;
			productType = "com.apple.product-type.bundle.unit-test";
		};
		3196ECBB2D03703E00BBF2AB /* CubeDetectorUITests */ = {
			isa = PBXNativeTarget;
			buildConfigurationList = 3196ECCC2D03703E00BBF2AB /* Build configuration list for PBXNativeTarget "CubeDetectorUITests" */;
			buildPhases = (
				3196ECB82D03703E00BBF2AB /* Sources */,
				3196ECB92D03703E00BBF2AB /* Frameworks */,
				3196ECBA2D03703E00BBF2AB /* Resources */,
			);
			buildRules = (
			);
			dependencies = (
				3196ECBE2D03703E00BBF2AB /* PBXTargetDependency */,
			);
			fileSystemSynchronizedGroups = (
				3196ECBF2D03703E00BBF2AB /* CubeDetectorUITests */,
			);
			name = CubeDetectorUITests;
			packageProductDependencies = (
			);
			productName = CubeDetectorUITests;
			productReference = 3196ECBC2D03703E00BBF2AB /* CubeDetectorUITests.xctest */;
			productType = "com.apple.product-type.bundle.ui-testing";
		};
/* End PBXNativeTarget section */

/* Begin PBXProject section */
		3196EC9A2D03703D00BBF2AB /* Project object */ = {
			isa = PBXProject;
			attributes = {
				BuildIndependentTargetsInParallel = 1;
				LastSwiftUpdateCheck = 1610;
				LastUpgradeCheck = 1610;
				TargetAttributes = {
					3196ECA12D03703D00BBF2AB = {
						CreatedOnToolsVersion = 16.1;
					};
					3196ECB12D03703E00BBF2AB = {
						CreatedOnToolsVersion = 16.1;
						TestTargetID = 3196ECA12D03703D00BBF2AB;
					};
					3196ECBB2D03703E00BBF2AB = {
						CreatedOnToolsVersion = 16.1;
						TestTargetID = 3196ECA12D03703D00BBF2AB;
					};
				};
			};
			buildConfigurationList = 3196EC9D2D03703D00BBF2AB /* Build configuration list for PBXProject "CubeDetector" */;
			developmentRegion = en;
			hasScannedForEncodings = 0;
			knownRegions = (
				en,
				Base,
			);
			mainGroup = 3196EC992D03703D00BBF2AB;
			minimizedProjectReferenceProxies = 1;
			preferredProjectObjectVersion = 77;
			productRefGroup = 3196ECA32D03703D00BBF2AB /* Products */;
			projectDirPath = "";
			projectRoot = "";
			targets = (
				3196ECA12D03703D00BBF2AB /* CubeDetector */,
				3196ECB12D03703E00BBF2AB /* CubeDetectorTests */,
				3196ECBB2D03703E00BBF2AB /* CubeDetectorUITests */,
			);
		};
/* End PBXProject section */

/* Begin PBXResourcesBuildPhase section */
		3196ECA02D03703D00BBF2AB /* Resources */ = {
			isa = PBXResourcesBuildPhase;
			buildActionMask = 2147483647;
			files = (
			);
			runOnlyForDeploymentPostprocessing = 0;
		};
		3196ECB02D03703E00BBF2AB /* Resources */ = {
			isa = PBXResourcesBuildPhase;
			buildActionMask = 2147483647;
			files = (
			);
			runOnlyForDeploymentPostprocessing = 0;
		};
		3196ECBA2D03703E00BBF2AB /* Resources */ = {
			isa = PBXResourcesBuildPhase;
			buildActionMask = 2147483647;
			files = (
			);
			runOnlyForDeploymentPostprocessing = 0;
		};
/* End PBXResourcesBuildPhase section */

/* Begin PBXSourcesBuildPhase section */
		3196EC9E2D03703D00BBF2AB /* Sources */ = {
			isa = PBXSourcesBuildPhase;
			buildActionMask = 2147483647;
			files = (
			);
			runOnlyForDeploymentPostprocessing = 0;
		};
		3196ECAE2D03703E00BBF2AB /* Sources */ = {
			isa = PBXSourcesBuildPhase;
			buildActionMask = 2147483647;
			files = (
			);
			runOnlyForDeploymentPostprocessing = 0;
		};
		3196ECB82D03703E00BBF2AB /* Sources */ = {
			isa = PBXSourcesBuildPhase;
			buildActionMask = 2147483647;
			files = (
			);
			runOnlyForDeploymentPostprocessing = 0;
		};
/* End PBXSourcesBuildPhase section */

/* Begin PBXTargetDependency section */
		3196ECB42D03703E00BBF2AB /* PBXTargetDependency */ = {
			isa = PBXTargetDependency;
			target = 3196ECA12D03703D00BBF2AB /* CubeDetector */;
			targetProxy = 3196ECB32D03703E00BBF2AB /* PBXContainerItemProxy */;
		};
		3196ECBE2D03703E00BBF2AB /* PBXTargetDependency */ = {
			isa = PBXTargetDependency;
			target = 3196ECA12D03703D00BBF2AB /* CubeDetector */;
			targetProxy = 3196ECBD2D03703E00BBF2AB /* PBXContainerItemProxy */;
		};
/* End PBXTargetDependency section */

/* Begin XCBuildConfiguration section */
		3196ECC42D03703E00BBF2AB /* Debug */ = {
			isa = XCBuildConfiguration;
			buildSettings = {
				ALWAYS_SEARCH_USER_PATHS = NO;
				ASSETCATALOG_COMPILER_GENERATE_SWIFT_ASSET_SYMBOL_EXTENSIONS = YES;
				CLANG_ANALYZER_NONNULL = YES;
				CLANG_ANALYZER_NUMBER_OBJECT_CONVERSION = YES_AGGRESSIVE;
				CLANG_CXX_LANGUAGE_STANDARD = "gnu++20";
				CLANG_ENABLE_MODULES = YES;
				CLANG_ENABLE_OBJC_ARC = YES;
				CLANG_ENABLE_OBJC_WEAK = YES;
				CLANG_WARN_BLOCK_CAPTURE_AUTORELEASING = YES;
				CLANG_WARN_BOOL_CONVERSION = YES;
				CLANG_WARN_COMMA = YES;
				CLANG_WARN_CONSTANT_CONVERSION = YES;
				CLANG_WARN_DEPRECATED_OBJC_IMPLEMENTATIONS = YES;
				CLANG_WARN_DIRECT_OBJC_ISA_USAGE = YES_ERROR;
				CLANG_WARN_DOCUMENTATION_COMMENTS = YES;
				CLANG_WARN_EMPTY_BODY = YES;
				CLANG_WARN_ENUM_CONVERSION = YES;
				CLANG_WARN_INFINITE_RECURSION = YES;
				CLANG_WARN_INT_CONVERSION = YES;
				CLANG_WARN_NON_LITERAL_NULL_CONVERSION = YES;
				CLANG_WARN_OBJC_IMPLICIT_RETAIN_SELF = YES;
				CLANG_WARN_OBJC_LITERAL_CONVERSION = YES;
				CLANG_WARN_OBJC_ROOT_CLASS = YES_ERROR;
				CLANG_WARN_QUOTED_INCLUDE_IN_FRAMEWORK_HEADER = YES;
				CLANG_WARN_RANGE_LOOP_ANALYSIS = YES;
				CLANG_WARN_STRICT_PROTOTYPES = YES;
				CLANG_WARN_SUSPICIOUS_MOVE = YES;
				CLANG_WARN_UNGUARDED_AVAILABILITY = YES_AGGRESSIVE;
				CLANG_WARN_UNREACHABLE_CODE = YES;
				CLANG_WARN__DUPLICATE_METHOD_MATCH = YES;
				COPY_PHASE_STRIP = NO;
				DEBUG_INFORMATION_FORMAT = dwarf;
				ENABLE_STRICT_OBJC_MSGSEND = YES;
				ENABLE_TESTABILITY = YES;
				ENABLE_USER_SCRIPT_SANDBOXING = YES;
				GCC_C_LANGUAGE_STANDARD = gnu17;
				GCC_DYNAMIC_NO_PIC = NO;
				GCC_NO_COMMON_BLOCKS = YES;
				GCC_OPTIMIZATION_LEVEL = 0;
				GCC_PREPROCESSOR_DEFINITIONS = (
					"DEBUG=1",
					"$(inherited)",
				);
				GCC_WARN_64_TO_32_BIT_CONVERSION = YES;
				GCC_WARN_ABOUT_RETURN_TYPE = YES_ERROR;
				GCC_WARN_UNDECLARED_SELECTOR = YES;
				GCC_WARN_UNINITIALIZED_AUTOS = YES_AGGRESSIVE;
				GCC_WARN_UNUSED_FUNCTION = YES;
				GCC_WARN_UNUSED_VARIABLE = YES;
				IPHONEOS_DEPLOYMENT_TARGET = 18.1;
				LOCALIZATION_PREFERS_STRING_CATALOGS = YES;
				MTL_ENABLE_DEBUG_INFO = INCLUDE_SOURCE;
				MTL_FAST_MATH = YES;
				ONLY_ACTIVE_ARCH = YES;
				SDKROOT = iphoneos;
				SWIFT_ACTIVE_COMPILATION_CONDITIONS = "DEBUG $(inherited)";
				SWIFT_OPTIMIZATION_LEVEL = "-Onone";
			};
			name = Debug;
		};
		3196ECC52D03703E00BBF2AB /* Release */ = {
			isa = XCBuildConfiguration;
			buildSettings = {
				ALWAYS_SEARCH_USER_PATHS = NO;
				ASSETCATALOG_COMPILER_GENERATE_SWIFT_ASSET_SYMBOL_EXTENSIONS = YES;
				CLANG_ANALYZER_NONNULL = YES;
				CLANG_ANALYZER_NUMBER_OBJECT_CONVERSION = YES_AGGRESSIVE;
				CLANG_CXX_LANGUAGE_STANDARD = "gnu++20";
				CLANG_ENABLE_MODULES = YES;
				CLANG_ENABLE_OBJC_ARC = YES;
				CLANG_ENABLE_OBJC_WEAK = YES;
				CLANG_WARN_BLOCK_CAPTURE_AUTORELEASING = YES;
				CLANG_WARN_BOOL_CONVERSION = YES;
				CLANG_WARN_COMMA = YES;
				CLANG_WARN_CONSTANT_CONVERSION = YES;
				CLANG_WARN_DEPRECATED_OBJC_IMPLEMENTATIONS = YES;
				CLANG_WARN_DIRECT_OBJC_ISA_USAGE = YES_ERROR;
				CLANG_WARN_DOCUMENTATION_COMMENTS = YES;
				CLANG_WARN_EMPTY_BODY = YES;
				CLANG_WARN_ENUM_CONVERSION = YES;
				CLANG_WARN_INFINITE_RECURSION = YES;
				CLANG_WARN_INT_CONVERSION = YES;
				CLANG_WARN_NON_LITERAL_NULL_CONVERSION = YES;
				CLANG_WARN_OBJC_IMPLICIT_RETAIN_SELF = YES;
				CLANG_WARN_OBJC_LITERAL_CONVERSION = YES;
				CLANG_WARN_OBJC_ROOT_CLASS = YES_ERROR;
				CLANG_WARN_QUOTED_INCLUDE_IN_FRAMEWORK_HEADER = YES;
				CLANG_WARN_RANGE_LOOP_ANALYSIS = YES;
				CLANG_WARN_STRICT_PROTOTYPES = YES;
				CLANG_WARN_SUSPICIOUS_MOVE = YES;
				CLANG_WARN_UNGUARDED_AVAILABILITY = YES_AGGRESSIVE;
				CLANG_WARN_UNREACHABLE_CODE = YES;
				CLANG_WARN__DUPLICATE_METHOD_MATCH = YES;
				COPY_PHASE_STRIP = NO;
				DEBUG_INFORMATION_FORMAT = "dwarf-with-dsym";
				ENABLE_NS_ASSERTIONS = NO;
				ENABLE_STRICT_OBJC_MSGSEND = YES;
				ENABLE_USER_SCRIPT_SANDBOXING = YES;
				GCC_C_LANGUAGE_STANDARD = gnu17;
				GCC_NO_COMMON_BLOCKS = YES;
				GCC_WARN_64_TO_32_BIT_CONVERSION = YES;
				GCC_WARN_ABOUT_RETURN_TYPE = YES_ERROR;
				GCC_WARN_UNDECLARED_SELECTOR = YES;
				GCC_WARN_UNINITIALIZED_AUTOS = YES_AGGRESSIVE;
				GCC_WARN_UNUSED_FUNCTION = YES;
				GCC_WARN_UNUSED_VARIABLE = YES;
				IPHONEOS_DEPLOYMENT_TARGET = 18.1;
				LOCALIZATION_PREFERS_STRING_CATALOGS = YES;
				MTL_ENABLE_DEBUG_INFO = NO;
				MTL_FAST_MATH = YES;
				SDKROOT = iphoneos;
				SWIFT_COMPILATION_MODE = wholemodule;
				VALIDATE_PRODUCT = YES;
			};
			name = Release;
		};
		3196ECC72D03703E00BBF2AB /* Debug */ = {
			isa = XCBuildConfiguration;
			buildSettings = {
				ASSETCATALOG_COMPILER_APPICON_NAME = AppIcon;
				ASSETCATALOG_COMPILER_GLOBAL_ACCENT_COLOR_NAME = AccentColor;
				CODE_SIGN_STYLE = Automatic;
				CURRENT_PROJECT_VERSION = 1;
				DEVELOPMENT_ASSET_PATHS = "\"CubeDetector/Preview Content\"";
				ENABLE_PREVIEWS = YES;
				GENERATE_INFOPLIST_FILE = YES;
				INFOPLIST_FILE = CubeDetector/Info.plist;
				INFOPLIST_KEY_LSApplicationCategoryType = "public.app-category.games";
				INFOPLIST_KEY_UIApplicationSceneManifest_Generation = YES;
				INFOPLIST_KEY_UIApplicationSupportsIndirectInputEvents = YES;
				INFOPLIST_KEY_UILaunchScreen_Generation = YES;
				INFOPLIST_KEY_UISupportedInterfaceOrientations = UIInterfaceOrientationPortrait;
				INFOPLIST_KEY_UISupportedInterfaceOrientations_iPad = "UIInterfaceOrientationLandscapeLeft UIInterfaceOrientationLandscapeRight UIInterfaceOrientationPortrait UIInterfaceOrientationPortraitUpsideDown";
				IPHONEOS_DEPLOYMENT_TARGET = 15.6;
				LD_RUNPATH_SEARCH_PATHS = (
					"$(inherited)",
					"@executable_path/Frameworks",
				);
				MARKETING_VERSION = 1.0;
				PRODUCT_BUNDLE_IDENTIFIER = com.ecehallaceli.CubeDetector;
				PRODUCT_NAME = "$(TARGET_NAME)";
				SUPPORTED_PLATFORMS = "iphoneos iphonesimulator";
				SUPPORTS_MACCATALYST = NO;
				SUPPORTS_MAC_DESIGNED_FOR_IPHONE_IPAD = NO;
				SUPPORTS_XR_DESIGNED_FOR_IPHONE_IPAD = NO;
				SWIFT_EMIT_LOC_STRINGS = YES;
				SWIFT_VERSION = 5.0;
				TARGETED_DEVICE_FAMILY = 1;
			};
			name = Debug;
		};
		3196ECC82D03703E00BBF2AB /* Release */ = {
			isa = XCBuildConfiguration;
			buildSettings = {
				ASSETCATALOG_COMPILER_APPICON_NAME = AppIcon;
				ASSETCATALOG_COMPILER_GLOBAL_ACCENT_COLOR_NAME = AccentColor;
				CODE_SIGN_STYLE = Automatic;
				CURRENT_PROJECT_VERSION = 1;
				DEVELOPMENT_ASSET_PATHS = "\"CubeDetector/Preview Content\"";
				ENABLE_PREVIEWS = YES;
				GENERATE_INFOPLIST_FILE = YES;
				INFOPLIST_FILE = CubeDetector/Info.plist;
				INFOPLIST_KEY_LSApplicationCategoryType = "public.app-category.games";
				INFOPLIST_KEY_UIApplicationSceneManifest_Generation = YES;
				INFOPLIST_KEY_UIApplicationSupportsIndirectInputEvents = YES;
				INFOPLIST_KEY_UILaunchScreen_Generation = YES;
				INFOPLIST_KEY_UISupportedInterfaceOrientations = UIInterfaceOrientationPortrait;
				INFOPLIST_KEY_UISupportedInterfaceOrientations_iPad = "UIInterfaceOrientationLandscapeLeft UIInterfaceOrientationLandscapeRight UIInterfaceOrientationPortrait UIInterfaceOrientationPortraitUpsideDown";
				IPHONEOS_DEPLOYMENT_TARGET = 15.6;
				LD_RUNPATH_SEARCH_PATHS = (
					"$(inherited)",
					"@executable_path/Frameworks",
				);
				MARKETING_VERSION = 1.0;
				PRODUCT_BUNDLE_IDENTIFIER = com.ecehallaceli.CubeDetector;
				PRODUCT_NAME = "$(TARGET_NAME)";
				SUPPORTED_PLATFORMS = "iphoneos iphonesimulator";
				SUPPORTS_MACCATALYST = NO;
				SUPPORTS_MAC_DESIGNED_FOR_IPHONE_IPAD = NO;
				SUPPORTS_XR_DESIGNED_FOR_IPHONE_IPAD = NO;
				SWIFT_EMIT_LOC_STRINGS = YES;
				SWIFT_VERSION = 5.0;
				TARGETED_DEVICE_FAMILY = 1;
			};
			name = Release;
		};
		3196ECCA2D03703E00BBF2AB /* Debug */ = {
			isa = XCBuildConfiguration;
			buildSettings = {
				BUNDLE_LOADER = "$(TEST_HOST)";
				CODE_SIGN_STYLE = Automatic;
				CURRENT_PROJECT_VERSION = 1;
				GENERATE_INFOPLIST_FILE = YES;
				IPHONEOS_DEPLOYMENT_TARGET = 18.1;
				MARKETING_VERSION = 1.0;
				PRODUCT_BUNDLE_IDENTIFIER = com.ecehallaceli.CubeDetectorTests;
				PRODUCT_NAME = "$(TARGET_NAME)";
				SWIFT_EMIT_LOC_STRINGS = NO;
				SWIFT_VERSION = 5.0;
				TARGETED_DEVICE_FAMILY = "1,2";
				TEST_HOST = "$(BUILT_PRODUCTS_DIR)/CubeDetector.app/$(BUNDLE_EXECUTABLE_FOLDER_PATH)/CubeDetector";
			};
			name = Debug;
		};
		3196ECCB2D03703E00BBF2AB /* Release */ = {
			isa = XCBuildConfiguration;
			buildSettings = {
				BUNDLE_LOADER = "$(TEST_HOST)";
				CODE_SIGN_STYLE = Automatic;
				CURRENT_PROJECT_VERSION = 1;
				GENERATE_INFOPLIST_FILE = YES;
				IPHONEOS_DEPLOYMENT_TARGET = 18.1;
				MARKETING_VERSION = 1.0;
				PRODUCT_BUNDLE_IDENTIFIER = com.ecehallaceli.CubeDetectorTests;
				PRODUCT_NAME = "$(TARGET_NAME)";
				SWIFT_EMIT_LOC_STRINGS = NO;
				SWIFT_VERSION = 5.0;
				TARGETED_DEVICE_FAMILY = "1,2";
				TEST_HOST = "$(BUILT_PRODUCTS_DIR)/CubeDetector.app/$(BUNDLE_EXECUTABLE_FOLDER_PATH)/CubeDetector";
			};
			name = Release;
		};
		3196ECCD2D03703E00BBF2AB /* Debug */ = {
			isa = XCBuildConfiguration;
			buildSettings = {
				CODE_SIGN_STYLE = Automatic;
				CURRENT_PROJECT_VERSION = 1;
				GENERATE_INFOPLIST_FILE = YES;
				MARKETING_VERSION = 1.0;
				PRODUCT_BUNDLE_IDENTIFIER = com.ecehallaceli.CubeDetectorUITests;
				PRODUCT_NAME = "$(TARGET_NAME)";
				SWIFT_EMIT_LOC_STRINGS = NO;
				SWIFT_VERSION = 5.0;
				TARGETED_DEVICE_FAMILY = "1,2";
				TEST_TARGET_NAME = CubeDetector;
			};
			name = Debug;
		};
		3196ECCE2D03703E00BBF2AB /* Release */ = {
			isa = XCBuildConfiguration;
			buildSettings = {
				CODE_SIGN_STYLE = Automatic;
				CURRENT_PROJECT_VERSION = 1;
				GENERATE_INFOPLIST_FILE = YES;
				MARKETING_VERSION = 1.0;
				PRODUCT_BUNDLE_IDENTIFIER = com.ecehallaceli.CubeDetectorUITests;
				PRODUCT_NAME = "$(TARGET_NAME)";
				SWIFT_EMIT_LOC_STRINGS = NO;
				SWIFT_VERSION = 5.0;
				TARGETED_DEVICE_FAMILY = "1,2";
				TEST_TARGET_NAME = CubeDetector;
			};
			name = Release;
		};
/* End XCBuildConfiguration section */

/* Begin XCConfigurationList section */
		3196EC9D2D03703D00BBF2AB /* Build configuration list for PBXProject "CubeDetector" */ = {
			isa = XCConfigurationList;
			buildConfigurations = (
				3196ECC42D03703E00BBF2AB /* Debug */,
				3196ECC52D03703E00BBF2AB /* Release */,
			);
			defaultConfigurationIsVisible = 0;
			defaultConfigurationName = Release;
		};
		3196ECC62D03703E00BBF2AB /* Build configuration list for PBXNativeTarget "CubeDetector" */ = {
			isa = XCConfigurationList;
			buildConfigurations = (
				3196ECC72D03703E00BBF2AB /* Debug */,
				3196ECC82D03703E00BBF2AB /* Release */,
			);
			defaultConfigurationIsVisible = 0;
			defaultConfigurationName = Release;
		};
		3196ECC92D03703E00BBF2AB /* Build configuration list for PBXNativeTarget "CubeDetectorTests" */ = {
			isa = XCConfigurationList;
			buildConfigurations = (
				3196ECCA2D03703E00BBF2AB /* Debug */,
				3196ECCB2D03703E00BBF2AB /* Release */,
			);
			defaultConfigurationIsVisible = 0;
			defaultConfigurationName = Release;
		};
		3196ECCC2D03703E00BBF2AB /* Build configuration list for PBXNativeTarget "CubeDetectorUITests" */ = {
			isa = XCConfigurationList;
			buildConfigurations = (
				3196ECCD2D03703E00BBF2AB /* Debug */,
				3196ECCE2D03703E00BBF2AB /* Release */,
			);
			defaultConfigurationIsVisible = 0;
			defaultConfigurationName = Release;
		};
/* End XCConfigurationList section */
	};
	rootObject = 3196EC9A2D03703D00BBF2AB /* Project object */;
}
